{
    "_readme": [
        "This file locks the dependencies of your project to a known state",
        "Read more about it at https://getcomposer.org/doc/01-basic-usage.md#installing-dependencies",
        "This file is @generated automatically"
    ],
    "content-hash": "9553a53a897001cffbc07812f80b2812",
    "packages": [
        {
            "name": "cakephp/cakephp",
            "version": "2.10.19",
            "source": {
                "type": "git",
                "url": "https://github.com/cakephp/cakephp.git",
                "reference": "8f08a834747301656bbb4db6fe8c355d489261fe"
            },
            "dist": {
                "type": "zip",
                "url": "https://api.github.com/repos/cakephp/cakephp/zipball/8f08a834747301656bbb4db6fe8c355d489261fe",
                "reference": "8f08a834747301656bbb4db6fe8c355d489261fe",
                "shasum": ""
            },
            "require": {
                "php": ">=5.3.0"
            },
            "require-dev": {
                "cakephp/cakephp-codesniffer": "^1.0.0",
                "phpunit/phpunit": "^3.7"
            },
            "suggest": {
                "ext-mcrypt": "You need to install ext-openssl or ext-mcrypt to use AES-256 encryption",
                "ext-openssl": "You need to install ext-openssl or ext-mcrypt to use AES-256 encryption"
            },
            "bin": [
                "lib/Cake/Console/cake"
            ],
            "type": "library",
            "notification-url": "https://packagist.org/downloads/",
            "license": [
                "MIT"
            ],
            "authors": [
                {
                    "name": "CakePHP Community",
                    "homepage": "https://github.com/cakephp/cakephp/graphs/contributors"
                }
            ],
            "description": "The CakePHP framework",
            "homepage": "https://cakephp.org",
            "keywords": [
                "framework"
            ],
            "time": "2019-07-25T01:32:25+00:00"
        },
        {
            "name": "composer/installers",
            "version": "v1.7.0",
            "source": {
                "type": "git",
                "url": "https://github.com/composer/installers.git",
                "reference": "141b272484481432cda342727a427dc1e206bfa0"
            },
            "dist": {
                "type": "zip",
                "url": "https://api.github.com/repos/composer/installers/zipball/141b272484481432cda342727a427dc1e206bfa0",
                "reference": "141b272484481432cda342727a427dc1e206bfa0",
                "shasum": ""
            },
            "require": {
                "composer-plugin-api": "^1.0"
            },
            "replace": {
                "roundcube/plugin-installer": "*",
                "shama/baton": "*"
            },
            "require-dev": {
                "composer/composer": "1.0.*@dev",
                "phpunit/phpunit": "^4.8.36"
            },
            "type": "composer-plugin",
            "extra": {
                "class": "Composer\\Installers\\Plugin",
                "branch-alias": {
                    "dev-master": "1.0-dev"
                }
            },
            "autoload": {
                "psr-4": {
                    "Composer\\Installers\\": "src/Composer/Installers"
                }
            },
            "notification-url": "https://packagist.org/downloads/",
            "license": [
                "MIT"
            ],
            "authors": [
                {
                    "name": "Kyle Robinson Young",
                    "email": "kyle@dontkry.com",
                    "homepage": "https://github.com/shama"
                }
            ],
            "description": "A multi-framework Composer library installer",
            "homepage": "https://composer.github.io/installers/",
            "keywords": [
                "Craft",
                "Dolibarr",
                "Eliasis",
                "Hurad",
                "ImageCMS",
                "Kanboard",
                "Lan Management System",
                "MODX Evo",
                "Mautic",
                "Maya",
                "OXID",
                "Plentymarkets",
                "Porto",
                "RadPHP",
                "SMF",
                "Thelia",
                "Whmcs",
                "WolfCMS",
                "agl",
                "aimeos",
                "annotatecms",
                "attogram",
                "bitrix",
                "cakephp",
                "chef",
                "cockpit",
                "codeigniter",
                "concrete5",
                "croogo",
                "dokuwiki",
                "drupal",
                "eZ Platform",
                "elgg",
                "expressionengine",
                "fuelphp",
                "grav",
                "installer",
                "itop",
                "joomla",
                "known",
                "kohana",
                "laravel",
                "lavalite",
                "lithium",
                "magento",
                "majima",
                "mako",
                "mediawiki",
                "modulework",
                "modx",
                "moodle",
                "osclass",
                "phpbb",
                "piwik",
                "ppi",
                "puppet",
                "pxcms",
                "reindex",
                "roundcube",
                "shopware",
                "silverstripe",
                "sydes",
                "symfony",
                "typo3",
                "wordpress",
                "yawik",
                "zend",
                "zikula"
            ],
            "time": "2019-08-12T15:00:31+00:00"
        },
        {
            "name": "lampager/lampager",
            "version": "v0.4.0",
            "source": {
                "type": "git",
                "url": "https://github.com/lampager/lampager.git",
                "reference": "91677f6fad08bcf6185d153b345accd5cb37655f"
            },
            "dist": {
                "type": "zip",
                "url": "https://api.github.com/repos/lampager/lampager/zipball/91677f6fad08bcf6185d153b345accd5cb37655f",
                "reference": "91677f6fad08bcf6185d153b345accd5cb37655f",
                "shasum": ""
            },
            "require": {
                "php": "^5.6 || ^7.0"
            },
            "require-dev": {
                "codeception/specify": "^0.4.6",
                "nilportugues/sql-query-formatter": "^1.2",
                "php-coveralls/php-coveralls": "^1.0",
                "phpunit/phpunit": "^6.4"
            },
            "type": "library",
            "autoload": {
                "psr-4": {
                    "Lampager\\": "src/"
                }
            },
            "notification-url": "https://packagist.org/downloads/",
            "license": [
                "MIT"
            ],
            "authors": [
                {
                    "name": "mpyw",
                    "email": "ryosuke_i_628@yahoo.co.jp"
                }
            ],
            "description": "Rapid pagination without using OFFSET",
            "keywords": [
                "limit",
                "offset",
                "pagination",
                "paginator"
            ],
            "time": "2018-06-01T06:47:40+00:00"
        },
        {
            "name": "lampager/lampager-cakephp2",
            "version": "v0.1.4",
            "source": {
                "type": "git",
                "url": "https://github.com/lampager/lampager-cakephp2.git",
                "reference": "003ccb75f3a402b07757cd175786c63580ce4dc1"
            },
            "dist": {
                "type": "zip",
                "url": "https://api.github.com/repos/lampager/lampager-cakephp2/zipball/003ccb75f3a402b07757cd175786c63580ce4dc1",
                "reference": "003ccb75f3a402b07757cd175786c63580ce4dc1",
                "shasum": ""
            },
            "require": {
                "composer/installers": "*",
                "lampager/lampager": "^0.4",
                "php": "^5.6 || ^7.0"
            },
            "require-dev": {
                "cakephp/cakephp": "^2.10.4",
                "php-coveralls/php-coveralls": "^1.0",
                "phpunit/phpunit": "<6.0.0"
            },
            "type": "cakephp-plugin",
            "extra": {
                "installer-name": "Lampager"
            },
            "notification-url": "https://packagist.org/downloads/",
            "license": [
                "MIT"
            ],
            "authors": [
                {
                    "name": "mpyw",
                    "email": "ryosuke_i_628@yahoo.co.jp"
                },
                {
                    "name": "Chitoku",
                    "email": "odango@chitoku.jp"
                }
            ],
            "description": "Rapid pagination for CakePHP 2",
            "keywords": [
                "cakephp",
                "limit",
                "offset",
                "pagination",
                "paginator"
            ],
            "time": "2018-12-28T16:47:02+00:00"
        }
    ],
    "packages-dev": [],
    "aliases": [],
    "minimum-stability": "stable",
    "stability-flags": [],
    "prefer-stable": false,
    "prefer-lowest": false,
    "platform": [],
    "platform-dev": []
}
